
Microsoft Visual Studio Solution File, Format Version 12.00
# Visual Studio Version 16
VisualStudioVersion = 16.0.29411.108
MinimumVisualStudioVersion = 10.0.40219.1
Project("{FAE04EC0-301F-11D3-BF4B-00C04F79EFBC}") = "UISample", "UISample\UISample.csproj", "{6C780610-77E5-4DB5-85ED-05223BA50065}"
EndProject
Global
	GlobalSection(SolutionConfigurationPlatforms) = preSolution
		Debug|Any CPU = Debug|Any CPU
		Release|Any CPU = Release|Any CPU
	EndGlobalSection
	GlobalSection(ProjectConfigurationPlatforms) = postSolution
		{6C780610-77E5-4DB5-85ED-05223BA50065}.Debug|Any CPU.ActiveCfg = Debug|Any CPU
		{6C780610-77E5-4DB5-85ED-05223BA50065}.Debug|Any CPU.Build.0 = Debug|Any CPU
		{6C780610-77E5-4DB5-85ED-05223BA50065}.Release|Any CPU.ActiveCfg = Release|Any CPU
		{6C780610-77E5-4DB5-85ED-05223BA50065}.Release|Any CPU.Build.0 = Release|Any CPU
	EndGlobalSection
	GlobalSection(SolutionProperties) = preSolution
		HideSolutionNode = FALSE
	EndGlobalSection
	GlobalSection(ExtensibilityGlobals) = postSolution
		SolutionGuid = {53310119-C10E-4470-8186-6FDDC1D62791}
	EndGlobalSection
EndGlobal
