
Microsoft Visual Studio Solution File, Format Version 12.00
# Visual Studio Version 16
VisualStudioVersion = 16.0.29411.108
MinimumVisualStudioVersion = 10.0.40219.1
Project("{FAE04EC0-301F-11D3-BF4B-00C04F79EFBC}") = "DataSensitivitySample", "DataSensitivitySample\DataSensitivitySample.csproj", "{834CBE91-50DE-4893-90E3-53C65F672212}"
EndProject
Project("{FAE04EC0-301F-11D3-BF4B-00C04F79EFBC}") = "DataSensitivitySample.Tests", "DataSensitivitySample.Tests\DataSensitivitySample.Tests.csproj", "{43B2AA65-1CFB-4C71-9B81-704645899A66}"
EndProject
Global
	GlobalSection(SolutionConfigurationPlatforms) = preSolution
		Debug|Any CPU = Debug|Any CPU
		Release|Any CPU = Release|Any CPU
	EndGlobalSection
	GlobalSection(ProjectConfigurationPlatforms) = postSolution
		{834CBE91-50DE-4893-90E3-53C65F672212}.Debug|Any CPU.ActiveCfg = Debug|Any CPU
		{834CBE91-50DE-4893-90E3-53C65F672212}.Debug|Any CPU.Build.0 = Debug|Any CPU
		{834CBE91-50DE-4893-90E3-53C65F672212}.Release|Any CPU.ActiveCfg = Release|Any CPU
		{834CBE91-50DE-4893-90E3-53C65F672212}.Release|Any CPU.Build.0 = Release|Any CPU
		{43B2AA65-1CFB-4C71-9B81-704645899A66}.Debug|Any CPU.ActiveCfg = Debug|Any CPU
		{43B2AA65-1CFB-4C71-9B81-704645899A66}.Debug|Any CPU.Build.0 = Debug|Any CPU
		{43B2AA65-1CFB-4C71-9B81-704645899A66}.Release|Any CPU.ActiveCfg = Release|Any CPU
		{43B2AA65-1CFB-4C71-9B81-704645899A66}.Release|Any CPU.Build.0 = Release|Any CPU
	EndGlobalSection
	GlobalSection(SolutionProperties) = preSolution
		HideSolutionNode = FALSE
	EndGlobalSection
	GlobalSection(ExtensibilityGlobals) = postSolution
		SolutionGuid = {1856B9C7-4640-4F7A-8FBE-37F2E5F2C9E9}
	EndGlobalSection
EndGlobal
