
Microsoft Visual Studio Solution File, Format Version 12.00
# Visual Studio Version 16
VisualStudioVersion = 16.0.29411.108
MinimumVisualStudioVersion = 10.0.40219.1
Project("{2150E333-8FDC-42A3-9474-1A3956D46DE8}") = "code", "code", "{9CCED516-B356-4264-8841-A4F63775436B}"
EndProject
Project("{2150E333-8FDC-42A3-9474-1A3956D46DE8}") = "test", "test", "{D98EBFC7-6AD6-49E7-AB9C-444CBD9A3342}"
EndProject
Project("{9A19103F-16F7-4668-BE54-9A1E7A4F7556}") = "UOM.Domain", "src\code\UOM.Domain\UOM.Domain.csproj", "{03E8FCE1-F8D4-456D-BB0C-180483764C3D}"
EndProject
Project("{9A19103F-16F7-4668-BE54-9A1E7A4F7556}") = "UOM.Domain.Tests.Unit", "src\test\UOM.Domain.Tests.Unit\UOM.Domain.Tests.Unit.csproj", "{C1582E38-F0D4-482B-AAFC-C79D764C7601}"
EndProject
Project("{2150E333-8FDC-42A3-9474-1A3956D46DE8}") = "Domain", "Domain", "{31791DB6-442F-46F1-A76F-4A73B456FCFD}"
EndProject
Project("{2150E333-8FDC-42A3-9474-1A3956D46DE8}") = "Application", "Application", "{20E9B25B-EE02-4D55-B06B-580943BF850E}"
EndProject
Project("{9A19103F-16F7-4668-BE54-9A1E7A4F7556}") = "UOM.Application", "src\code\UOM.Application\UOM.Application.csproj", "{B157863A-0769-44CD-92B2-680BD22C0711}"
EndProject
Project("{9A19103F-16F7-4668-BE54-9A1E7A4F7556}") = "UOM.Application.Tests.Unit", "src\test\UOM.Application.Tests.Unit\UOM.Application.Tests.Unit.csproj", "{22A38585-B4FE-4730-9049-2661F5C812B2}"
EndProject
Project("{2150E333-8FDC-42A3-9474-1A3956D46DE8}") = "Infrastructure", "Infrastructure", "{00C78DC8-D148-48C0-99A4-D269F2E5ADA7}"
EndProject
Project("{9A19103F-16F7-4668-BE54-9A1E7A4F7556}") = "UOM.Persistence.EF", "src\code\UOM.Persistence.EF\UOM.Persistence.EF.csproj", "{F95D82B5-C0DA-407B-89DE-33953D128D43}"
EndProject
Project("{2150E333-8FDC-42A3-9474-1A3956D46DE8}") = "Unit", "Unit", "{B656D22E-DC5A-4D80-BC75-300249E78783}"
EndProject
Project("{2150E333-8FDC-42A3-9474-1A3956D46DE8}") = "Integration", "Integration", "{3DC93FAE-8463-4F45-A763-3A7164B71370}"
EndProject
Project("{9A19103F-16F7-4668-BE54-9A1E7A4F7556}") = "UOM.Application.Tests.Integration", "src\test\UOM.Application.Tests.Integration\UOM.Application.Tests.Integration.csproj", "{65E1B59E-4AE8-4F17-96BD-B186F81486D5}"
EndProject
Project("{2150E333-8FDC-42A3-9474-1A3956D46DE8}") = "Gateways", "Gateways", "{10A34438-E8F5-4751-A024-468D56BB7B7B}"
EndProject
Project("{9A19103F-16F7-4668-BE54-9A1E7A4F7556}") = "ServiceHost", "src\code\ServiceHost\ServiceHost.csproj", "{1C9B4C3D-24BD-4A6F-B9D4-DD57B9E2BE0D}"
EndProject
Project("{9A19103F-16F7-4668-BE54-9A1E7A4F7556}") = "UOM.RestApi", "src\code\UOM.RestApi\UOM.RestApi.csproj", "{A26089A7-8E33-4050-9103-4D8E4D483586}"
EndProject
Project("{9A19103F-16F7-4668-BE54-9A1E7A4F7556}") = "UOM.Application.Contracts", "src\code\UOM.Application.Contracts\UOM.Application.Contracts.csproj", "{6F545720-A818-4A14-9658-66AF186AB454}"
EndProject
Project("{9A19103F-16F7-4668-BE54-9A1E7A4F7556}") = "UOM.Config", "src\code\UOM.Config\UOM.Config.csproj", "{98421F40-DF4C-4D68-BDBA-98694CFD3034}"
EndProject
Project("{9A19103F-16F7-4668-BE54-9A1E7A4F7556}") = "_build", "buildscript\_build.csproj", "{D29D7688-3AE6-4BA8-8E3D-63799A12B6AA}"
EndProject
Global
	GlobalSection(SolutionConfigurationPlatforms) = preSolution
		Debug|Any CPU = Debug|Any CPU
		Release|Any CPU = Release|Any CPU
	EndGlobalSection
	GlobalSection(ProjectConfigurationPlatforms) = postSolution
		{D29D7688-3AE6-4BA8-8E3D-63799A12B6AA}.Debug|Any CPU.ActiveCfg = Debug|Any CPU
		{D29D7688-3AE6-4BA8-8E3D-63799A12B6AA}.Release|Any CPU.ActiveCfg = Release|Any CPU
		{03E8FCE1-F8D4-456D-BB0C-180483764C3D}.Debug|Any CPU.ActiveCfg = Debug|Any CPU
		{03E8FCE1-F8D4-456D-BB0C-180483764C3D}.Debug|Any CPU.Build.0 = Debug|Any CPU
		{03E8FCE1-F8D4-456D-BB0C-180483764C3D}.Release|Any CPU.ActiveCfg = Release|Any CPU
		{03E8FCE1-F8D4-456D-BB0C-180483764C3D}.Release|Any CPU.Build.0 = Release|Any CPU
		{C1582E38-F0D4-482B-AAFC-C79D764C7601}.Debug|Any CPU.ActiveCfg = Debug|Any CPU
		{C1582E38-F0D4-482B-AAFC-C79D764C7601}.Debug|Any CPU.Build.0 = Debug|Any CPU
		{C1582E38-F0D4-482B-AAFC-C79D764C7601}.Release|Any CPU.ActiveCfg = Release|Any CPU
		{C1582E38-F0D4-482B-AAFC-C79D764C7601}.Release|Any CPU.Build.0 = Release|Any CPU
		{B157863A-0769-44CD-92B2-680BD22C0711}.Debug|Any CPU.ActiveCfg = Debug|Any CPU
		{B157863A-0769-44CD-92B2-680BD22C0711}.Debug|Any CPU.Build.0 = Debug|Any CPU
		{B157863A-0769-44CD-92B2-680BD22C0711}.Release|Any CPU.ActiveCfg = Release|Any CPU
		{B157863A-0769-44CD-92B2-680BD22C0711}.Release|Any CPU.Build.0 = Release|Any CPU
		{22A38585-B4FE-4730-9049-2661F5C812B2}.Debug|Any CPU.ActiveCfg = Debug|Any CPU
		{22A38585-B4FE-4730-9049-2661F5C812B2}.Debug|Any CPU.Build.0 = Debug|Any CPU
		{22A38585-B4FE-4730-9049-2661F5C812B2}.Release|Any CPU.ActiveCfg = Release|Any CPU
		{22A38585-B4FE-4730-9049-2661F5C812B2}.Release|Any CPU.Build.0 = Release|Any CPU
		{F95D82B5-C0DA-407B-89DE-33953D128D43}.Debug|Any CPU.ActiveCfg = Debug|Any CPU
		{F95D82B5-C0DA-407B-89DE-33953D128D43}.Debug|Any CPU.Build.0 = Debug|Any CPU
		{F95D82B5-C0DA-407B-89DE-33953D128D43}.Release|Any CPU.ActiveCfg = Release|Any CPU
		{F95D82B5-C0DA-407B-89DE-33953D128D43}.Release|Any CPU.Build.0 = Release|Any CPU
		{65E1B59E-4AE8-4F17-96BD-B186F81486D5}.Debug|Any CPU.ActiveCfg = Debug|Any CPU
		{65E1B59E-4AE8-4F17-96BD-B186F81486D5}.Debug|Any CPU.Build.0 = Debug|Any CPU
		{65E1B59E-4AE8-4F17-96BD-B186F81486D5}.Release|Any CPU.ActiveCfg = Release|Any CPU
		{65E1B59E-4AE8-4F17-96BD-B186F81486D5}.Release|Any CPU.Build.0 = Release|Any CPU
		{1C9B4C3D-24BD-4A6F-B9D4-DD57B9E2BE0D}.Debug|Any CPU.ActiveCfg = Debug|Any CPU
		{1C9B4C3D-24BD-4A6F-B9D4-DD57B9E2BE0D}.Debug|Any CPU.Build.0 = Debug|Any CPU
		{1C9B4C3D-24BD-4A6F-B9D4-DD57B9E2BE0D}.Release|Any CPU.ActiveCfg = Release|Any CPU
		{1C9B4C3D-24BD-4A6F-B9D4-DD57B9E2BE0D}.Release|Any CPU.Build.0 = Release|Any CPU
		{A26089A7-8E33-4050-9103-4D8E4D483586}.Debug|Any CPU.ActiveCfg = Debug|Any CPU
		{A26089A7-8E33-4050-9103-4D8E4D483586}.Debug|Any CPU.Build.0 = Debug|Any CPU
		{A26089A7-8E33-4050-9103-4D8E4D483586}.Release|Any CPU.ActiveCfg = Release|Any CPU
		{A26089A7-8E33-4050-9103-4D8E4D483586}.Release|Any CPU.Build.0 = Release|Any CPU
		{6F545720-A818-4A14-9658-66AF186AB454}.Debug|Any CPU.ActiveCfg = Debug|Any CPU
		{6F545720-A818-4A14-9658-66AF186AB454}.Debug|Any CPU.Build.0 = Debug|Any CPU
		{6F545720-A818-4A14-9658-66AF186AB454}.Release|Any CPU.ActiveCfg = Release|Any CPU
		{6F545720-A818-4A14-9658-66AF186AB454}.Release|Any CPU.Build.0 = Release|Any CPU
		{98421F40-DF4C-4D68-BDBA-98694CFD3034}.Debug|Any CPU.ActiveCfg = Debug|Any CPU
		{98421F40-DF4C-4D68-BDBA-98694CFD3034}.Debug|Any CPU.Build.0 = Debug|Any CPU
		{98421F40-DF4C-4D68-BDBA-98694CFD3034}.Release|Any CPU.ActiveCfg = Release|Any CPU
		{98421F40-DF4C-4D68-BDBA-98694CFD3034}.Release|Any CPU.Build.0 = Release|Any CPU
	EndGlobalSection
	GlobalSection(SolutionProperties) = preSolution
		HideSolutionNode = FALSE
	EndGlobalSection
	GlobalSection(NestedProjects) = preSolution
		{03E8FCE1-F8D4-456D-BB0C-180483764C3D} = {31791DB6-442F-46F1-A76F-4A73B456FCFD}
		{C1582E38-F0D4-482B-AAFC-C79D764C7601} = {B656D22E-DC5A-4D80-BC75-300249E78783}
		{31791DB6-442F-46F1-A76F-4A73B456FCFD} = {9CCED516-B356-4264-8841-A4F63775436B}
		{20E9B25B-EE02-4D55-B06B-580943BF850E} = {9CCED516-B356-4264-8841-A4F63775436B}
		{B157863A-0769-44CD-92B2-680BD22C0711} = {20E9B25B-EE02-4D55-B06B-580943BF850E}
		{22A38585-B4FE-4730-9049-2661F5C812B2} = {B656D22E-DC5A-4D80-BC75-300249E78783}
		{00C78DC8-D148-48C0-99A4-D269F2E5ADA7} = {9CCED516-B356-4264-8841-A4F63775436B}
		{F95D82B5-C0DA-407B-89DE-33953D128D43} = {00C78DC8-D148-48C0-99A4-D269F2E5ADA7}
		{B656D22E-DC5A-4D80-BC75-300249E78783} = {D98EBFC7-6AD6-49E7-AB9C-444CBD9A3342}
		{3DC93FAE-8463-4F45-A763-3A7164B71370} = {D98EBFC7-6AD6-49E7-AB9C-444CBD9A3342}
		{65E1B59E-4AE8-4F17-96BD-B186F81486D5} = {3DC93FAE-8463-4F45-A763-3A7164B71370}
		{10A34438-E8F5-4751-A024-468D56BB7B7B} = {9CCED516-B356-4264-8841-A4F63775436B}
		{1C9B4C3D-24BD-4A6F-B9D4-DD57B9E2BE0D} = {9CCED516-B356-4264-8841-A4F63775436B}
		{A26089A7-8E33-4050-9103-4D8E4D483586} = {10A34438-E8F5-4751-A024-468D56BB7B7B}
		{6F545720-A818-4A14-9658-66AF186AB454} = {20E9B25B-EE02-4D55-B06B-580943BF850E}
		{98421F40-DF4C-4D68-BDBA-98694CFD3034} = {00C78DC8-D148-48C0-99A4-D269F2E5ADA7}
	EndGlobalSection
	GlobalSection(ExtensibilityGlobals) = postSolution
		SolutionGuid = {28640CAD-8E67-4CE2-B8EF-FDCCDBAC2B51}
	EndGlobalSection
EndGlobal
