
Microsoft Visual Studio Solution File, Format Version 12.00
# Visual Studio Version 16
VisualStudioVersion = 16.0.29411.108
MinimumVisualStudioVersion = 10.0.40219.1
Project("{FAE04EC0-301F-11D3-BF4B-00C04F79EFBC}") = "ValueTransformation", "ValueTransformation\ValueTransformation.csproj", "{DB45C54E-FD32-441F-A8E9-A40E5A11531A}"
EndProject
Global
	GlobalSection(SolutionConfigurationPlatforms) = preSolution
		Debug|Any CPU = Debug|Any CPU
		Release|Any CPU = Release|Any CPU
	EndGlobalSection
	GlobalSection(ProjectConfigurationPlatforms) = postSolution
		{DB45C54E-FD32-441F-A8E9-A40E5A11531A}.Debug|Any CPU.ActiveCfg = Debug|Any CPU
		{DB45C54E-FD32-441F-A8E9-A40E5A11531A}.Debug|Any CPU.Build.0 = Debug|Any CPU
		{DB45C54E-FD32-441F-A8E9-A40E5A11531A}.Release|Any CPU.ActiveCfg = Release|Any CPU
		{DB45C54E-FD32-441F-A8E9-A40E5A11531A}.Release|Any CPU.Build.0 = Release|Any CPU
	EndGlobalSection
	GlobalSection(SolutionProperties) = preSolution
		HideSolutionNode = FALSE
	EndGlobalSection
	GlobalSection(ExtensibilityGlobals) = postSolution
		SolutionGuid = {64485B54-EDB6-4CAF-AF23-7C984AA988DF}
	EndGlobalSection
EndGlobal
