
Microsoft Visual Studio Solution File, Format Version 12.00
# Visual Studio Version 16
VisualStudioVersion = 16.0.29411.108
MinimumVisualStudioVersion = 10.0.40219.1
Project("{FAE04EC0-301F-11D3-BF4B-00C04F79EFBC}") = "Sample", "Sample\Sample.csproj", "{366729A6-C697-4B5D-AD43-34DAE69B5AB6}"
EndProject
Project("{FAE04EC0-301F-11D3-BF4B-00C04F79EFBC}") = "Sample.Tests", "Sample.Tests\Sample.Tests.csproj", "{AAABC1F6-8602-4D67-BAFC-2E40A0F18793}"
EndProject
Global
	GlobalSection(SolutionConfigurationPlatforms) = preSolution
		Debug|Any CPU = Debug|Any CPU
		Release|Any CPU = Release|Any CPU
	EndGlobalSection
	GlobalSection(ProjectConfigurationPlatforms) = postSolution
		{366729A6-C697-4B5D-AD43-34DAE69B5AB6}.Debug|Any CPU.ActiveCfg = Debug|Any CPU
		{366729A6-C697-4B5D-AD43-34DAE69B5AB6}.Debug|Any CPU.Build.0 = Debug|Any CPU
		{366729A6-C697-4B5D-AD43-34DAE69B5AB6}.Release|Any CPU.ActiveCfg = Release|Any CPU
		{366729A6-C697-4B5D-AD43-34DAE69B5AB6}.Release|Any CPU.Build.0 = Release|Any CPU
		{AAABC1F6-8602-4D67-BAFC-2E40A0F18793}.Debug|Any CPU.ActiveCfg = Debug|Any CPU
		{AAABC1F6-8602-4D67-BAFC-2E40A0F18793}.Debug|Any CPU.Build.0 = Debug|Any CPU
		{AAABC1F6-8602-4D67-BAFC-2E40A0F18793}.Release|Any CPU.ActiveCfg = Release|Any CPU
		{AAABC1F6-8602-4D67-BAFC-2E40A0F18793}.Release|Any CPU.Build.0 = Release|Any CPU
	EndGlobalSection
	GlobalSection(SolutionProperties) = preSolution
		HideSolutionNode = FALSE
	EndGlobalSection
	GlobalSection(ExtensibilityGlobals) = postSolution
		SolutionGuid = {8B41FEC7-DC60-43CD-8114-8708055161E9}
	EndGlobalSection
EndGlobal
