
Microsoft Visual Studio Solution File, Format Version 12.00
# Visual Studio Version 16
VisualStudioVersion = 16.0.29411.108
MinimumVisualStudioVersion = 10.0.40219.1
Project("{FAE04EC0-301F-11D3-BF4B-00C04F79EFBC}") = "AuctionManagement", "AuctionManagement\AuctionManagement.csproj", "{EEEB2C21-BE02-4053-BF46-8DAEADA4AB5A}"
EndProject
Project("{FAE04EC0-301F-11D3-BF4B-00C04F79EFBC}") = "AuctionManagement.Tests", "AuctionManagement.Tests\AuctionManagement.Tests.csproj", "{A7B36773-5E0D-4DF8-94FF-8F28AB38A7A2}"
EndProject
Global
	GlobalSection(SolutionConfigurationPlatforms) = preSolution
		Debug|Any CPU = Debug|Any CPU
		Release|Any CPU = Release|Any CPU
	EndGlobalSection
	GlobalSection(ProjectConfigurationPlatforms) = postSolution
		{EEEB2C21-BE02-4053-BF46-8DAEADA4AB5A}.Debug|Any CPU.ActiveCfg = Debug|Any CPU
		{EEEB2C21-BE02-4053-BF46-8DAEADA4AB5A}.Debug|Any CPU.Build.0 = Debug|Any CPU
		{EEEB2C21-BE02-4053-BF46-8DAEADA4AB5A}.Release|Any CPU.ActiveCfg = Release|Any CPU
		{EEEB2C21-BE02-4053-BF46-8DAEADA4AB5A}.Release|Any CPU.Build.0 = Release|Any CPU
		{A7B36773-5E0D-4DF8-94FF-8F28AB38A7A2}.Debug|Any CPU.ActiveCfg = Debug|Any CPU
		{A7B36773-5E0D-4DF8-94FF-8F28AB38A7A2}.Debug|Any CPU.Build.0 = Debug|Any CPU
		{A7B36773-5E0D-4DF8-94FF-8F28AB38A7A2}.Release|Any CPU.ActiveCfg = Release|Any CPU
		{A7B36773-5E0D-4DF8-94FF-8F28AB38A7A2}.Release|Any CPU.Build.0 = Release|Any CPU
	EndGlobalSection
	GlobalSection(SolutionProperties) = preSolution
		HideSolutionNode = FALSE
	EndGlobalSection
	GlobalSection(ExtensibilityGlobals) = postSolution
		SolutionGuid = {4C2F45B7-159D-4385-B848-0B9C68F21D3F}
	EndGlobalSection
EndGlobal
